
Microsoft Visual Studio Solution File, Format Version 12.00
# Visual Studio 14
VisualStudioVersion = 14.0.25420.1
MinimumVisualStudioVersion = 10.0.40219.1
Project("{FAE04EC0-301F-11D3-BF4B-00C04F79EFBC}") = "HCAPI", "HCAPI\HCAPI.csproj", "{EAB3D9C4-E58A-4422-AB6E-F91A1B7C387B}"
EndProject
Project("{FAE04EC0-301F-11D3-BF4B-00C04F79EFBC}") = "HCAPI.Tests", "HCAPI.Tests\HCAPI.Tests.csproj", "{2CCAFCFC-145F-40F1-9B14-9ABBC80CDB26}"
EndProject
Project("{FAE04EC0-301F-11D3-BF4B-00C04F79EFBC}") = "HCDTO", "HCDTO\HCDTO.csproj", "{2A1AE394-840E-47C5-BA76-57777C720A7F}"
EndProject
Project("{FAE04EC0-301F-11D3-BF4B-00C04F79EFBC}") = "HealthCareUI.Tests", "HealthCareUI.Tests\HealthCareUI.Tests.csproj", "{AA0D81EF-5940-489E-8C41-FE1CABA2BF80}"
EndProject
Project("{FAE04EC0-301F-11D3-BF4B-00C04F79EFBC}") = "HCRepository", "HCRepository\HCRepository.csproj", "{9588F077-C2DE-4E8B-8F9A-0352B042BAAC}"
EndProject
Project("{FAE04EC0-301F-11D3-BF4B-00C04F79EFBC}") = "HCContract", "HCContract\HCContract.csproj", "{F1EA72BB-48A4-4CF7-AB35-593EA41BFFD5}"
EndProject
Project("{FAE04EC0-301F-11D3-BF4B-00C04F79EFBC}") = "HCManager", "HCManager\HCManager.csproj", "{DD1D907C-43C0-46FD-B1D9-AF69EFB44AC0}"
EndProject
Global
	GlobalSection(SolutionConfigurationPlatforms) = preSolution
		Debug|Any CPU = Debug|Any CPU
		Release|Any CPU = Release|Any CPU
	EndGlobalSection
	GlobalSection(ProjectConfigurationPlatforms) = postSolution
		{EAB3D9C4-E58A-4422-AB6E-F91A1B7C387B}.Debug|Any CPU.ActiveCfg = Debug|Any CPU
		{EAB3D9C4-E58A-4422-AB6E-F91A1B7C387B}.Debug|Any CPU.Build.0 = Debug|Any CPU
		{EAB3D9C4-E58A-4422-AB6E-F91A1B7C387B}.Release|Any CPU.ActiveCfg = Release|Any CPU
		{EAB3D9C4-E58A-4422-AB6E-F91A1B7C387B}.Release|Any CPU.Build.0 = Release|Any CPU
		{2CCAFCFC-145F-40F1-9B14-9ABBC80CDB26}.Debug|Any CPU.ActiveCfg = Debug|Any CPU
		{2CCAFCFC-145F-40F1-9B14-9ABBC80CDB26}.Debug|Any CPU.Build.0 = Debug|Any CPU
		{2CCAFCFC-145F-40F1-9B14-9ABBC80CDB26}.Release|Any CPU.ActiveCfg = Release|Any CPU
		{2CCAFCFC-145F-40F1-9B14-9ABBC80CDB26}.Release|Any CPU.Build.0 = Release|Any CPU
		{2A1AE394-840E-47C5-BA76-57777C720A7F}.Debug|Any CPU.ActiveCfg = Debug|Any CPU
		{2A1AE394-840E-47C5-BA76-57777C720A7F}.Debug|Any CPU.Build.0 = Debug|Any CPU
		{2A1AE394-840E-47C5-BA76-57777C720A7F}.Release|Any CPU.ActiveCfg = Release|Any CPU
		{2A1AE394-840E-47C5-BA76-57777C720A7F}.Release|Any CPU.Build.0 = Release|Any CPU
		{AA0D81EF-5940-489E-8C41-FE1CABA2BF80}.Debug|Any CPU.ActiveCfg = Debug|Any CPU
		{AA0D81EF-5940-489E-8C41-FE1CABA2BF80}.Debug|Any CPU.Build.0 = Debug|Any CPU
		{AA0D81EF-5940-489E-8C41-FE1CABA2BF80}.Release|Any CPU.ActiveCfg = Release|Any CPU
		{AA0D81EF-5940-489E-8C41-FE1CABA2BF80}.Release|Any CPU.Build.0 = Release|Any CPU
		{9588F077-C2DE-4E8B-8F9A-0352B042BAAC}.Debug|Any CPU.ActiveCfg = Debug|Any CPU
		{9588F077-C2DE-4E8B-8F9A-0352B042BAAC}.Debug|Any CPU.Build.0 = Debug|Any CPU
		{9588F077-C2DE-4E8B-8F9A-0352B042BAAC}.Release|Any CPU.ActiveCfg = Release|Any CPU
		{9588F077-C2DE-4E8B-8F9A-0352B042BAAC}.Release|Any CPU.Build.0 = Release|Any CPU
		{F1EA72BB-48A4-4CF7-AB35-593EA41BFFD5}.Debug|Any CPU.ActiveCfg = Debug|Any CPU
		{F1EA72BB-48A4-4CF7-AB35-593EA41BFFD5}.Debug|Any CPU.Build.0 = Debug|Any CPU
		{F1EA72BB-48A4-4CF7-AB35-593EA41BFFD5}.Release|Any CPU.ActiveCfg = Release|Any CPU
		{F1EA72BB-48A4-4CF7-AB35-593EA41BFFD5}.Release|Any CPU.Build.0 = Release|Any CPU
		{DD1D907C-43C0-46FD-B1D9-AF69EFB44AC0}.Debug|Any CPU.ActiveCfg = Debug|Any CPU
		{DD1D907C-43C0-46FD-B1D9-AF69EFB44AC0}.Debug|Any CPU.Build.0 = Debug|Any CPU
		{DD1D907C-43C0-46FD-B1D9-AF69EFB44AC0}.Release|Any CPU.ActiveCfg = Release|Any CPU
		{DD1D907C-43C0-46FD-B1D9-AF69EFB44AC0}.Release|Any CPU.Build.0 = Release|Any CPU
	EndGlobalSection
	GlobalSection(SolutionProperties) = preSolution
		HideSolutionNode = FALSE
	EndGlobalSection
EndGlobal
